
Microsoft Visual Studio Solution File, Format Version 12.00
# Visual Studio 15
VisualStudioVersion = 15.0.27703.2042
MinimumVisualStudioVersion = 10.0.40219.1
Project("{FAE04EC0-301F-11D3-BF4B-00C04F79EFBC}") = "Pat.Subscriber.Telemetry.ApplicationInsights", "Pat.Subscriber.Telemetry.ApplicationInsights\Pat.Subscriber.Telemetry.ApplicationInsights.csproj", "{547884C5-8B20-4909-AEE7-9CA9F2AD0AFE}"
EndProject
Global
	GlobalSection(SolutionConfigurationPlatforms) = preSolution
		Debug|Any CPU = Debug|Any CPU
		Release|Any CPU = Release|Any CPU
	EndGlobalSection
	GlobalSection(ProjectConfigurationPlatforms) = postSolution
		{547884C5-8B20-4909-AEE7-9CA9F2AD0AFE}.Debug|Any CPU.ActiveCfg = Debug|Any CPU
		{547884C5-8B20-4909-AEE7-9CA9F2AD0AFE}.Debug|Any CPU.Build.0 = Debug|Any CPU
		{547884C5-8B20-4909-AEE7-9CA9F2AD0AFE}.Release|Any CPU.ActiveCfg = Release|Any CPU
		{547884C5-8B20-4909-AEE7-9CA9F2AD0AFE}.Release|Any CPU.Build.0 = Release|Any CPU
	EndGlobalSection
	GlobalSection(SolutionProperties) = preSolution
		HideSolutionNode = FALSE
	EndGlobalSection
	GlobalSection(ExtensibilityGlobals) = postSolution
		SolutionGuid = {1622CDC5-CB9A-4EDD-A12E-6635EEAACD66}
	EndGlobalSection
EndGlobal
